// !$*UTF8*$!
{
	archiveVersion = 1;
	classes = {
	};
	objectVersion = 45;
	objects = {

/* Begin PBXAggregateTarget section */
		24416B8111C4CA220047AFDD /* Build & Test */ = {
			isa = PBXAggregateTarget;
			buildConfigurationList = 24416B8A11C4CA520047AFDD /* Build configuration list for PBXAggregateTarget "Build & Test" */;
			buildPhases = (
				24416B8011C4CA220047AFDD /* ShellScript */,
			);
			dependencies = (
				24416B8511C4CA280047AFDD /* PBXTargetDependency */,
			);
			name = "Build & Test";
			productName = "Build & test";
		};
/* End PBXAggregateTarget section */

/* Begin PBXBuildFile section */
		24DD6CF91134B3F500162E58 /* ComMekansalGmapiosModule.h in Headers */ = {isa = PBXBuildFile; fileRef = 24DD6CF71134B3F500162E58 /* ComMekansalGmapiosModule.h */; };
		24DD6CFA1134B3F500162E58 /* ComMekansalGmapiosModule.m in Sources */ = {isa = PBXBuildFile; fileRef = 24DD6CF81134B3F500162E58 /* ComMekansalGmapiosModule.m */; };
		24DE9E1111C5FE74003F90F6 /* ComMekansalGmapiosModuleAssets.h in Headers */ = {isa = PBXBuildFile; fileRef = 24DE9E0F11C5FE74003F90F6 /* ComMekansalGmapiosModuleAssets.h */; };
		24DE9E1211C5FE74003F90F6 /* ComMekansalGmapiosModuleAssets.m in Sources */ = {isa = PBXBuildFile; fileRef = 24DE9E1011C5FE74003F90F6 /* ComMekansalGmapiosModuleAssets.m */; };
		4E4C5FC51755D0F000151E5C /* ComMekansalGmapiosView.h in Headers */ = {isa = PBXBuildFile; fileRef = 4E4C5FC31755D0F000151E5C /* ComMekansalGmapiosView.h */; };
		4E4C5FC61755D0F000151E5C /* ComMekansalGmapiosView.m in Sources */ = {isa = PBXBuildFile; fileRef = 4E4C5FC41755D0F000151E5C /* ComMekansalGmapiosView.m */; };
		4E4C5FC91755D11800151E5C /* ComMekansalGmapiosViewProxy.h in Headers */ = {isa = PBXBuildFile; fileRef = 4E4C5FC71755D11800151E5C /* ComMekansalGmapiosViewProxy.h */; };
		4E4C5FCA1755D11800151E5C /* ComMekansalGmapiosViewProxy.m in Sources */ = {isa = PBXBuildFile; fileRef = 4E4C5FC81755D11800151E5C /* ComMekansalGmapiosViewProxy.m */; };
		4E4C5FCD1755D7B700151E5C /* ComMekansalGmapiosAnnotationProxy.h in Headers */ = {isa = PBXBuildFile; fileRef = 4E4C5FCB1755D7B700151E5C /* ComMekansalGmapiosAnnotationProxy.h */; };
		4E4C5FCE1755D7B700151E5C /* ComMekansalGmapiosAnnotationProxy.m in Sources */ = {isa = PBXBuildFile; fileRef = 4E4C5FCC1755D7B700151E5C /* ComMekansalGmapiosAnnotationProxy.m */; };
		4E4C5FD11755FE2200151E5C /* ComMekansalGmapiosTileLayerProxy.h in Headers */ = {isa = PBXBuildFile; fileRef = 4E4C5FCF1755FE2200151E5C /* ComMekansalGmapiosTileLayerProxy.h */; };
		4E4C5FD21755FE2200151E5C /* ComMekansalGmapiosTileLayerProxy.m in Sources */ = {isa = PBXBuildFile; fileRef = 4E4C5FD01755FE2200151E5C /* ComMekansalGmapiosTileLayerProxy.m */; };
		4EA422641757588000A5D3E6 /* ComMekansalGmapiosPolygonProxy.h in Headers */ = {isa = PBXBuildFile; fileRef = 4EA422621757588000A5D3E6 /* ComMekansalGmapiosPolygonProxy.h */; };
		4EA422651757588000A5D3E6 /* ComMekansalGmapiosPolygonProxy.m in Sources */ = {isa = PBXBuildFile; fileRef = 4EA422631757588000A5D3E6 /* ComMekansalGmapiosPolygonProxy.m */; };
		4EBB53441754B261000CC577 /* GoogleMaps.framework in Frameworks */ = {isa = PBXBuildFile; fileRef = 4EBB53431754B261000CC577 /* GoogleMaps.framework */; };
		4EEE3EA91757396900C6EC22 /* ComMekansalGmapiosPolylineProxy.h in Headers */ = {isa = PBXBuildFile; fileRef = 4EEE3EA71757396900C6EC22 /* ComMekansalGmapiosPolylineProxy.h */; };
		4EEE3EAA1757396900C6EC22 /* ComMekansalGmapiosPolylineProxy.m in Sources */ = {isa = PBXBuildFile; fileRef = 4EEE3EA81757396900C6EC22 /* ComMekansalGmapiosPolylineProxy.m */; };
		AA747D9F0F9514B9006C5449 /* ComMekansalGmapios_Prefix.pch in Headers */ = {isa = PBXBuildFile; fileRef = AA747D9E0F9514B9006C5449 /* ComMekansalGmapios_Prefix.pch */; };
		AACBBE4A0F95108600F1A2B1 /* Foundation.framework in Frameworks */ = {isa = PBXBuildFile; fileRef = AACBBE490F95108600F1A2B1 /* Foundation.framework */; };
/* End PBXBuildFile section */

/* Begin PBXContainerItemProxy section */
		24416B8411C4CA280047AFDD /* PBXContainerItemProxy */ = {
			isa = PBXContainerItemProxy;
			containerPortal = 0867D690FE84028FC02AAC07 /* Project object */;
			proxyType = 1;
			remoteGlobalIDString = D2AAC07D0554694100DB518D;
			remoteInfo = MekansalGMap;
		};
/* End PBXContainerItemProxy section */

/* Begin PBXFileReference section */
		24DD6CF71134B3F500162E58 /* ComMekansalGmapiosModule.h */ = {isa = PBXFileReference; fileEncoding = 4; lastKnownFileType = sourcecode.c.h; name = ComMekansalGmapiosModule.h; path = Classes/ComMekansalGmapiosModule.h; sourceTree = "<group>"; };
		24DD6CF81134B3F500162E58 /* ComMekansalGmapiosModule.m */ = {isa = PBXFileReference; fileEncoding = 4; lastKnownFileType = sourcecode.c.objc; name = ComMekansalGmapiosModule.m; path = Classes/ComMekansalGmapiosModule.m; sourceTree = "<group>"; };
		24DD6D1B1134B66800162E58 /* titanium.xcconfig */ = {isa = PBXFileReference; fileEncoding = 4; lastKnownFileType = text.xcconfig; path = titanium.xcconfig; sourceTree = "<group>"; };
		24DE9E0F11C5FE74003F90F6 /* ComMekansalGmapiosModuleAssets.h */ = {isa = PBXFileReference; fileEncoding = 4; lastKnownFileType = sourcecode.c.h; name = ComMekansalGmapiosModuleAssets.h; path = Classes/ComMekansalGmapiosModuleAssets.h; sourceTree = "<group>"; };
		24DE9E1011C5FE74003F90F6 /* ComMekansalGmapiosModuleAssets.m */ = {isa = PBXFileReference; fileEncoding = 4; lastKnownFileType = sourcecode.c.objc; name = ComMekansalGmapiosModuleAssets.m; path = Classes/ComMekansalGmapiosModuleAssets.m; sourceTree = "<group>"; };
		4E4C5FC31755D0F000151E5C /* ComMekansalGmapiosView.h */ = {isa = PBXFileReference; fileEncoding = 4; lastKnownFileType = sourcecode.c.h; path = ComMekansalGmapiosView.h; sourceTree = "<group>"; };
		4E4C5FC41755D0F000151E5C /* ComMekansalGmapiosView.m */ = {isa = PBXFileReference; fileEncoding = 4; lastKnownFileType = sourcecode.c.objc; path = ComMekansalGmapiosView.m; sourceTree = "<group>"; };
		4E4C5FC71755D11800151E5C /* ComMekansalGmapiosViewProxy.h */ = {isa = PBXFileReference; fileEncoding = 4; lastKnownFileType = sourcecode.c.h; path = ComMekansalGmapiosViewProxy.h; sourceTree = "<group>"; };
		4E4C5FC81755D11800151E5C /* ComMekansalGmapiosViewProxy.m */ = {isa = PBXFileReference; fileEncoding = 4; lastKnownFileType = sourcecode.c.objc; path = ComMekansalGmapiosViewProxy.m; sourceTree = "<group>"; };
		4E4C5FCB1755D7B700151E5C /* ComMekansalGmapiosAnnotationProxy.h */ = {isa = PBXFileReference; fileEncoding = 4; lastKnownFileType = sourcecode.c.h; path = ComMekansalGmapiosAnnotationProxy.h; sourceTree = "<group>"; };
		4E4C5FCC1755D7B700151E5C /* ComMekansalGmapiosAnnotationProxy.m */ = {isa = PBXFileReference; fileEncoding = 4; lastKnownFileType = sourcecode.c.objc; path = ComMekansalGmapiosAnnotationProxy.m; sourceTree = "<group>"; };
		4E4C5FCF1755FE2200151E5C /* ComMekansalGmapiosTileLayerProxy.h */ = {isa = PBXFileReference; fileEncoding = 4; lastKnownFileType = sourcecode.c.h; path = ComMekansalGmapiosTileLayerProxy.h; sourceTree = "<group>"; };
		4E4C5FD01755FE2200151E5C /* ComMekansalGmapiosTileLayerProxy.m */ = {isa = PBXFileReference; fileEncoding = 4; lastKnownFileType = sourcecode.c.objc; path = ComMekansalGmapiosTileLayerProxy.m; sourceTree = "<group>"; };
		4EA422621757588000A5D3E6 /* ComMekansalGmapiosPolygonProxy.h */ = {isa = PBXFileReference; fileEncoding = 4; lastKnownFileType = sourcecode.c.h; path = ComMekansalGmapiosPolygonProxy.h; sourceTree = "<group>"; };
		4EA422631757588000A5D3E6 /* ComMekansalGmapiosPolygonProxy.m */ = {isa = PBXFileReference; fileEncoding = 4; lastKnownFileType = sourcecode.c.objc; path = ComMekansalGmapiosPolygonProxy.m; sourceTree = "<group>"; };
		4EBB53431754B261000CC577 /* GoogleMaps.framework */ = {isa = PBXFileReference; lastKnownFileType = wrapper.framework; path = GoogleMaps.framework; sourceTree = "<group>"; };
		4EBB53451754B270000CC577 /* GoogleMaps.bundle */ = {isa = PBXFileReference; lastKnownFileType = "wrapper.plug-in"; path = GoogleMaps.bundle; sourceTree = "<group>"; };
		4EEE3EA71757396900C6EC22 /* ComMekansalGmapiosPolylineProxy.h */ = {isa = PBXFileReference; fileEncoding = 4; lastKnownFileType = sourcecode.c.h; path = ComMekansalGmapiosPolylineProxy.h; sourceTree = "<group>"; };
		4EEE3EA81757396900C6EC22 /* ComMekansalGmapiosPolylineProxy.m */ = {isa = PBXFileReference; fileEncoding = 4; lastKnownFileType = sourcecode.c.objc; path = ComMekansalGmapiosPolylineProxy.m; sourceTree = "<group>"; };
		AA747D9E0F9514B9006C5449 /* ComMekansalGmapios_Prefix.pch */ = {isa = PBXFileReference; fileEncoding = 4; lastKnownFileType = sourcecode.c.h; path = ComMekansalGmapios_Prefix.pch; sourceTree = SOURCE_ROOT; };
		AACBBE490F95108600F1A2B1 /* Foundation.framework */ = {isa = PBXFileReference; lastKnownFileType = wrapper.framework; name = Foundation.framework; path = System/Library/Frameworks/Foundation.framework; sourceTree = SDKROOT; };
		D2AAC07E0554694100DB518D /* libComMekansalGmapios.a */ = {isa = PBXFileReference; explicitFileType = archive.ar; includeInIndex = 0; path = libComMekansalGmapios.a; sourceTree = BUILT_PRODUCTS_DIR; };
/* End PBXFileReference section */

/* Begin PBXFrameworksBuildPhase section */
		D2AAC07C0554694100DB518D /* Frameworks */ = {
			isa = PBXFrameworksBuildPhase;
			buildActionMask = 2147483647;
			files = (
				AACBBE4A0F95108600F1A2B1 /* Foundation.framework in Frameworks */,
				4EBB53441754B261000CC577 /* GoogleMaps.framework in Frameworks */,
			);
			runOnlyForDeploymentPostprocessing = 0;
		};
/* End PBXFrameworksBuildPhase section */

/* Begin PBXGroup section */
		034768DFFF38A50411DB9C8B /* Products */ = {
			isa = PBXGroup;
			children = (
				D2AAC07E0554694100DB518D /* libComMekansalGmapios.a */,
			);
			name = Products;
			sourceTree = "<group>";
		};
		0867D691FE84028FC02AAC07 /* MekansalGMap */ = {
			isa = PBXGroup;
			children = (
				08FB77AEFE84172EC02AAC07 /* Classes */,
				32C88DFF0371C24200C91783 /* Other Sources */,
				0867D69AFE84028FC02AAC07 /* Frameworks */,
				034768DFFF38A50411DB9C8B /* Products */,
			);
			name = MekansalGMap;
			sourceTree = "<group>";
		};
		0867D69AFE84028FC02AAC07 /* Frameworks */ = {
			isa = PBXGroup;
			children = (
				4EBB53451754B270000CC577 /* GoogleMaps.bundle */,
				4EBB53431754B261000CC577 /* GoogleMaps.framework */,
				AACBBE490F95108600F1A2B1 /* Foundation.framework */,
			);
			name = Frameworks;
			sourceTree = "<group>";
		};
		08FB77AEFE84172EC02AAC07 /* Classes */ = {
			isa = PBXGroup;
			children = (
				24DE9E0F11C5FE74003F90F6 /* ComMekansalGmapiosModuleAssets.h */,
				24DE9E1011C5FE74003F90F6 /* ComMekansalGmapiosModuleAssets.m */,
				24DD6CF71134B3F500162E58 /* ComMekansalGmapiosModule.h */,
				24DD6CF81134B3F500162E58 /* ComMekansalGmapiosModule.m */,
				4E4C5FC31755D0F000151E5C /* ComMekansalGmapiosView.h */,
				4E4C5FC41755D0F000151E5C /* ComMekansalGmapiosView.m */,
				4E4C5FC71755D11800151E5C /* ComMekansalGmapiosViewProxy.h */,
				4E4C5FC81755D11800151E5C /* ComMekansalGmapiosViewProxy.m */,
				4E4C5FCB1755D7B700151E5C /* ComMekansalGmapiosAnnotationProxy.h */,
				4E4C5FCC1755D7B700151E5C /* ComMekansalGmapiosAnnotationProxy.m */,
				4E4C5FCF1755FE2200151E5C /* ComMekansalGmapiosTileLayerProxy.h */,
				4E4C5FD01755FE2200151E5C /* ComMekansalGmapiosTileLayerProxy.m */,
				4EEE3EA71757396900C6EC22 /* ComMekansalGmapiosPolylineProxy.h */,
				4EEE3EA81757396900C6EC22 /* ComMekansalGmapiosPolylineProxy.m */,
				4EA422621757588000A5D3E6 /* ComMekansalGmapiosPolygonProxy.h */,
				4EA422631757588000A5D3E6 /* ComMekansalGmapiosPolygonProxy.m */,
			);
			name = Classes;
			sourceTree = "<group>";
		};
		32C88DFF0371C24200C91783 /* Other Sources */ = {
			isa = PBXGroup;
			children = (
				AA747D9E0F9514B9006C5449 /* ComMekansalGmapios_Prefix.pch */,
				24DD6D1B1134B66800162E58 /* titanium.xcconfig */,
			);
			name = "Other Sources";
			sourceTree = "<group>";
		};
/* End PBXGroup section */

/* Begin PBXHeadersBuildPhase section */
		D2AAC07A0554694100DB518D /* Headers */ = {
			isa = PBXHeadersBuildPhase;
			buildActionMask = 2147483647;
			files = (
				AA747D9F0F9514B9006C5449 /* ComMekansalGmapios_Prefix.pch in Headers */,
				24DD6CF91134B3F500162E58 /* ComMekansalGmapiosModule.h in Headers */,
				24DE9E1111C5FE74003F90F6 /* ComMekansalGmapiosModuleAssets.h in Headers */,
				4E4C5FC51755D0F000151E5C /* ComMekansalGmapiosView.h in Headers */,
				4E4C5FC91755D11800151E5C /* ComMekansalGmapiosViewProxy.h in Headers */,
				4E4C5FCD1755D7B700151E5C /* ComMekansalGmapiosAnnotationProxy.h in Headers */,
				4E4C5FD11755FE2200151E5C /* ComMekansalGmapiosTileLayerProxy.h in Headers */,
				4EEE3EA91757396900C6EC22 /* ComMekansalGmapiosPolylineProxy.h in Headers */,
				4EA422641757588000A5D3E6 /* ComMekansalGmapiosPolygonProxy.h in Headers */,
			);
			runOnlyForDeploymentPostprocessing = 0;
		};
/* End PBXHeadersBuildPhase section */

/* Begin PBXNativeTarget section */
		D2AAC07D0554694100DB518D /* MekansalGMap */ = {
			isa = PBXNativeTarget;
			buildConfigurationList = 1DEB921E08733DC00010E9CD /* Build configuration list for PBXNativeTarget "MekansalGMap" */;
			buildPhases = (
				D2AAC07A0554694100DB518D /* Headers */,
				D2AAC07B0554694100DB518D /* Sources */,
				D2AAC07C0554694100DB518D /* Frameworks */,
			);
			buildRules = (
			);
			dependencies = (
			);
			name = MekansalGMap;
			productName = MekansalGMap;
			productReference = D2AAC07E0554694100DB518D /* libComMekansalGmapios.a */;
			productType = "com.apple.product-type.library.static";
		};
/* End PBXNativeTarget section */

/* Begin PBXProject section */
		0867D690FE84028FC02AAC07 /* Project object */ = {
			isa = PBXProject;
			buildConfigurationList = 1DEB922208733DC00010E9CD /* Build configuration list for PBXProject "MekansalGMap" */;
			compatibilityVersion = "Xcode 3.1";
			developmentRegion = English;
			hasScannedForEncodings = 1;
			knownRegions = (
				English,
				Japanese,
				French,
				German,
			);
			mainGroup = 0867D691FE84028FC02AAC07 /* MekansalGMap */;
			productRefGroup = 034768DFFF38A50411DB9C8B /* Products */;
			projectDirPath = "";
			projectRoot = "";
			targets = (
				D2AAC07D0554694100DB518D /* MekansalGMap */,
				24416B8111C4CA220047AFDD /* Build & Test */,
			);
		};
/* End PBXProject section */

/* Begin PBXShellScriptBuildPhase section */
		24416B8011C4CA220047AFDD /* ShellScript */ = {
			isa = PBXShellScriptBuildPhase;
			buildActionMask = 2147483647;
			files = (
			);
			inputPaths = (
			);
			outputPaths = (
			);
			runOnlyForDeploymentPostprocessing = 0;
			shellPath = /bin/sh;
			shellScript = "# shell script goes here\n\npython \"${TITANIUM_SDK}/titanium.py\" run --dir=\"${PROJECT_DIR}\"\nexit $?\n";
		};
/* End PBXShellScriptBuildPhase section */

/* Begin PBXSourcesBuildPhase section */
		D2AAC07B0554694100DB518D /* Sources */ = {
			isa = PBXSourcesBuildPhase;
			buildActionMask = 2147483647;
			files = (
				24DD6CFA1134B3F500162E58 /* ComMekansalGmapiosModule.m in Sources */,
				24DE9E1211C5FE74003F90F6 /* ComMekansalGmapiosModuleAssets.m in Sources */,
				4E4C5FC61755D0F000151E5C /* ComMekansalGmapiosView.m in Sources */,
				4E4C5FCA1755D11800151E5C /* ComMekansalGmapiosViewProxy.m in Sources */,
				4E4C5FCE1755D7B700151E5C /* ComMekansalGmapiosAnnotationProxy.m in Sources */,
				4E4C5FD21755FE2200151E5C /* ComMekansalGmapiosTileLayerProxy.m in Sources */,
				4EEE3EAA1757396900C6EC22 /* ComMekansalGmapiosPolylineProxy.m in Sources */,
				4EA422651757588000A5D3E6 /* ComMekansalGmapiosPolygonProxy.m in Sources */,
			);
			runOnlyForDeploymentPostprocessing = 0;
		};
/* End PBXSourcesBuildPhase section */

/* Begin PBXTargetDependency section */
		24416B8511C4CA280047AFDD /* PBXTargetDependency */ = {
			isa = PBXTargetDependency;
			target = D2AAC07D0554694100DB518D /* MekansalGMap */;
			targetProxy = 24416B8411C4CA280047AFDD /* PBXContainerItemProxy */;
		};
/* End PBXTargetDependency section */

/* Begin XCBuildConfiguration section */
		1DEB921F08733DC00010E9CD /* Debug */ = {
			isa = XCBuildConfiguration;
			baseConfigurationReference = 24DD6D1B1134B66800162E58 /* titanium.xcconfig */;
			buildSettings = {
				CODE_SIGN_IDENTITY = "iPhone Developer";
				"CODE_SIGN_IDENTITY[sdk=iphoneos*]" = "iPhone Developer";
				DSTROOT = /tmp/ComMekansalGmapios.dst;
				FRAMEWORK_SEARCH_PATHS = (
					"$(inherited)",
					"\"$(SRCROOT)\"",
				);
				GCC_C_LANGUAGE_STANDARD = c99;
				GCC_OPTIMIZATION_LEVEL = 0;
				GCC_PRECOMPILE_PREFIX_HEADER = YES;
				GCC_PREFIX_HEADER = ComMekansalGmapios_Prefix.pch;
				GCC_PREPROCESSOR_DEFINITIONS = "TI_VERSION=$(TI_VERSION)";
				GCC_TREAT_WARNINGS_AS_ERRORS = NO;
				GCC_VERSION = "";
				GCC_WARN_ABOUT_RETURN_TYPE = NO;
				GCC_WARN_MISSING_PARENTHESES = NO;
				GCC_WARN_SHADOW = NO;
				GCC_WARN_STRICT_SELECTOR_MATCH = NO;
				GCC_WARN_UNUSED_FUNCTION = YES;
				GCC_WARN_UNUSED_PARAMETER = NO;
				GCC_WARN_UNUSED_VALUE = NO;
				GCC_WARN_UNUSED_VARIABLE = NO;
				INSTALL_PATH = /usr/local/lib;
				LIBRARY_SEARCH_PATHS = "";
				OTHER_CFLAGS = (
					"-DDEBUG",
					"-DTI_POST_1_2",
				);
				OTHER_LDFLAGS = "-ObjC";
				PRODUCT_NAME = ComMekansalGmapios;
				PROVISIONING_PROFILE = "";
				"PROVISIONING_PROFILE[sdk=iphoneos*]" = "";
				RUN_CLANG_STATIC_ANALYZER = NO;
				SDKROOT = iphoneos;
				USER_HEADER_SEARCH_PATHS = "";
			};
			name = Debug;
		};
		1DEB922008733DC00010E9CD /* Release */ = {
			isa = XCBuildConfiguration;
			baseConfigurationReference = 24DD6D1B1134B66800162E58 /* titanium.xcconfig */;
			buildSettings = {
				ALWAYS_SEARCH_USER_PATHS = NO;
				DSTROOT = /tmp/ComMekansalGmapios.dst;
				FRAMEWORK_SEARCH_PATHS = (
					"$(inherited)",
					"\"$(SRCROOT)\"",
				);
				GCC_C_LANGUAGE_STANDARD = c99;
				GCC_MODEL_TUNING = G5;
				GCC_PRECOMPILE_PREFIX_HEADER = YES;
				GCC_PREFIX_HEADER = ComMekansalGmapios_Prefix.pch;
				GCC_PREPROCESSOR_DEFINITIONS = "TI_VERSION=$(TI_VERSION)";
				GCC_TREAT_WARNINGS_AS_ERRORS = NO;
				GCC_VERSION = "";
				GCC_WARN_ABOUT_RETURN_TYPE = NO;
				GCC_WARN_MISSING_PARENTHESES = NO;
				GCC_WARN_SHADOW = NO;
				GCC_WARN_STRICT_SELECTOR_MATCH = NO;
				GCC_WARN_UNUSED_FUNCTION = YES;
				GCC_WARN_UNUSED_PARAMETER = NO;
				GCC_WARN_UNUSED_VALUE = NO;
				GCC_WARN_UNUSED_VARIABLE = NO;
				INSTALL_PATH = /usr/local/lib;
				IPHONEOS_DEPLOYMENT_TARGET = 4.0;
				LIBRARY_SEARCH_PATHS = "";
				OTHER_CFLAGS = "-DTI_POST_1_2";
				OTHER_LDFLAGS = "-ObjC";
				PRODUCT_NAME = ComMekansalGmapios;
				RUN_CLANG_STATIC_ANALYZER = NO;
				SDKROOT = iphoneos;
				USER_HEADER_SEARCH_PATHS = "";
			};
			name = Release;
		};
		1DEB922308733DC00010E9CD /* Debug */ = {
			isa = XCBuildConfiguration;
			baseConfigurationReference = 24DD6D1B1134B66800162E58 /* titanium.xcconfig */;
			buildSettings = {
				CODE_SIGN_IDENTITY = "iPhone Developer";
				"CODE_SIGN_IDENTITY[sdk=iphoneos*]" = "iPhone Developer";
				DSTROOT = /tmp/ComMekansalGmapios.dst;
				GCC_C_LANGUAGE_STANDARD = c99;
				GCC_OPTIMIZATION_LEVEL = 0;
				GCC_PRECOMPILE_PREFIX_HEADER = YES;
				GCC_PREFIX_HEADER = ComMekansalGmapios_Prefix.pch;
				GCC_PREPROCESSOR_DEFINITIONS = "TI_VERSION=$(TI_VERSION)";
				GCC_TREAT_WARNINGS_AS_ERRORS = NO;
				GCC_VERSION = "";
				GCC_WARN_ABOUT_RETURN_TYPE = NO;
				GCC_WARN_MISSING_PARENTHESES = NO;
				GCC_WARN_SHADOW = NO;
				GCC_WARN_STRICT_SELECTOR_MATCH = NO;
				GCC_WARN_UNUSED_FUNCTION = YES;
				GCC_WARN_UNUSED_PARAMETER = NO;
				GCC_WARN_UNUSED_VALUE = NO;
				GCC_WARN_UNUSED_VARIABLE = NO;
				INSTALL_PATH = /usr/local/lib;
				IPHONEOS_DEPLOYMENT_TARGET = 6.0;
				OTHER_CFLAGS = (
					"-DDEBUG",
					"-DTI_POST_1_2",
				);
				OTHER_LDFLAGS = "-ObjC";
				PRODUCT_NAME = ComMekansalGmapios;
				PROVISIONING_PROFILE = "";
				"PROVISIONING_PROFILE[sdk=iphoneos*]" = "";
				RUN_CLANG_STATIC_ANALYZER = NO;
				SDKROOT = iphoneos;
				"SDKROOT[arch=*]" = iphoneos;
				USER_HEADER_SEARCH_PATHS = "";
			};
			name = Debug;
		};
		1DEB922408733DC00010E9CD /* Release */ = {
			isa = XCBuildConfiguration;
			baseConfigurationReference = 24DD6D1B1134B66800162E58 /* titanium.xcconfig */;
			buildSettings = {
				ALWAYS_SEARCH_USER_PATHS = NO;
				DSTROOT = /tmp/ComMekansalGmapios.dst;
				GCC_C_LANGUAGE_STANDARD = c99;
				GCC_MODEL_TUNING = G5;
				GCC_PRECOMPILE_PREFIX_HEADER = YES;
				GCC_PREFIX_HEADER = ComMekansalGmapios_Prefix.pch;
				GCC_PREPROCESSOR_DEFINITIONS = "TI_VERSION=$(TI_VERSION)";
				GCC_TREAT_WARNINGS_AS_ERRORS = NO;
				GCC_VERSION = "";
				GCC_WARN_ABOUT_RETURN_TYPE = NO;
				GCC_WARN_MISSING_PARENTHESES = NO;
				GCC_WARN_SHADOW = NO;
				GCC_WARN_STRICT_SELECTOR_MATCH = NO;
				GCC_WARN_UNUSED_FUNCTION = YES;
				GCC_WARN_UNUSED_PARAMETER = NO;
				GCC_WARN_UNUSED_VALUE = NO;
				GCC_WARN_UNUSED_VARIABLE = NO;
				INSTALL_PATH = /usr/local/lib;
				IPHONEOS_DEPLOYMENT_TARGET = 6.0;
				OTHER_CFLAGS = "-DTI_POST_1_2";
				OTHER_LDFLAGS = "-ObjC";
				PRODUCT_NAME = ComMekansalGmapios;
				RUN_CLANG_STATIC_ANALYZER = NO;
				SDKROOT = iphoneos;
				USER_HEADER_SEARCH_PATHS = "";
			};
			name = Release;
		};
		24416B8211C4CA220047AFDD /* Debug */ = {
			isa = XCBuildConfiguration;
			baseConfigurationReference = 24DD6D1B1134B66800162E58 /* titanium.xcconfig */;
			buildSettings = {
				COPY_PHASE_STRIP = NO;
				GCC_DYNAMIC_NO_PIC = NO;
				GCC_OPTIMIZATION_LEVEL = 0;
				PRODUCT_NAME = "Build & test";
			};
			name = Debug;
		};
		24416B8311C4CA220047AFDD /* Release */ = {
			isa = XCBuildConfiguration;
			baseConfigurationReference = 24DD6D1B1134B66800162E58 /* titanium.xcconfig */;
			buildSettings = {
				COPY_PHASE_STRIP = YES;
				DEBUG_INFORMATION_FORMAT = "dwarf-with-dsym";
				GCC_ENABLE_FIX_AND_CONTINUE = NO;
				PRODUCT_NAME = "Build & test";
				ZERO_LINK = NO;
			};
			name = Release;
		};
/* End XCBuildConfiguration section */

/* Begin XCConfigurationList section */
		1DEB921E08733DC00010E9CD /* Build configuration list for PBXNativeTarget "MekansalGMap" */ = {
			isa = XCConfigurationList;
			buildConfigurations = (
				1DEB921F08733DC00010E9CD /* Debug */,
				1DEB922008733DC00010E9CD /* Release */,
			);
			defaultConfigurationIsVisible = 0;
			defaultConfigurationName = Release;
		};
		1DEB922208733DC00010E9CD /* Build configuration list for PBXProject "MekansalGMap" */ = {
			isa = XCConfigurationList;
			buildConfigurations = (
				1DEB922308733DC00010E9CD /* Debug */,
				1DEB922408733DC00010E9CD /* Release */,
			);
			defaultConfigurationIsVisible = 0;
			defaultConfigurationName = Release;
		};
		24416B8A11C4CA520047AFDD /* Build configuration list for PBXAggregateTarget "Build & Test" */ = {
			isa = XCConfigurationList;
			buildConfigurations = (
				24416B8211C4CA220047AFDD /* Debug */,
				24416B8311C4CA220047AFDD /* Release */,
			);
			defaultConfigurationIsVisible = 0;
			defaultConfigurationName = Release;
		};
/* End XCConfigurationList section */
	};
	rootObject = 0867D690FE84028FC02AAC07 /* Project object */;
}
